
Microsoft Visual Studio Solution File, Format Version 12.00
# Visual Studio Version 17
VisualStudioVersion = 17.9.34622.214
MinimumVisualStudioVersion = 10.0.40219.1
Project("{FAE04EC0-301F-11D3-BF4B-00C04F79EFBC}") = "visor", "visor\visor.csproj", "{4D466784-4633-42D3-9D3A-83A5C4359E02}"
EndProject
Global
	GlobalSection(SolutionConfigurationPlatforms) = preSolution
		Debug|Any CPU = Debug|Any CPU
		Release|Any CPU = Release|Any CPU
	EndGlobalSection
	GlobalSection(ProjectConfigurationPlatforms) = postSolution
		{4D466784-4633-42D3-9D3A-83A5C4359E02}.Debug|Any CPU.ActiveCfg = Debug|Any CPU
		{4D466784-4633-42D3-9D3A-83A5C4359E02}.Debug|Any CPU.Build.0 = Debug|Any CPU
		{4D466784-4633-42D3-9D3A-83A5C4359E02}.Release|Any CPU.ActiveCfg = Release|Any CPU
		{4D466784-4633-42D3-9D3A-83A5C4359E02}.Release|Any CPU.Build.0 = Release|Any CPU
	EndGlobalSection
	GlobalSection(SolutionProperties) = preSolution
		HideSolutionNode = FALSE
	EndGlobalSection
	GlobalSection(ExtensibilityGlobals) = postSolution
		SolutionGuid = {FDECA384-DE34-40C1-B9AE-200D6877CFDA}
	EndGlobalSection
EndGlobal
